# THIS IS AN AUTOGENERATED FILE. DO NOT EDIT THIS FILE DIRECTLY.
# yarn lockfile v1


"@types/diff@^5.0.0":
  version "5.0.0"
  resolved "https://registry.yarnpkg.com/@types/diff/-/diff-5.0.0.tgz#eb71e94feae62548282c4889308a3dfb57e36020"
  integrity sha512-jrm2K65CokCCX4NmowtA+MfXyuprZC13jbRuwprs6/04z/EcFg/MCwYdsHn+zgV4CQBiATiI7AEq7y1sZCtWKA==
